// !$*UTF8*$!
{
	archiveVersion = 1;
	classes = {
	};
	objectVersion = 70;
	objects = {

/* Begin PBXBuildFile section */
		2A1B3C4D5E6F7890ABCD0001 /* DailyWisdomApp.swift in Sources */ = {isa = PBXBuildFile; fileRef = 2A1B3C4D5E6F7890ABCD0002 /* DailyWisdomApp.swift */; };
		2A1B3C4D5E6F7890ABCD0003 /* ContentView.swift in Sources */ = {isa = PBXBuildFile; fileRef = 2A1B3C4D5E6F7890ABCD0004 /* ContentView.swift */; };
		2A1B3C4D5E6F7890ABCD0005 /* Assets.xcassets in Resources */ = {isa = PBXBuildFile; fileRef = 2A1B3C4D5E6F7890ABCD0006 /* Assets.xcassets */; };
		2A1B3C4D5E6F7890ABCD0007 /* Preview Assets.xcassets in Resources */ = {isa = PBXBuildFile; fileRef = 2A1B3C4D5E6F7890ABCD0008 /* Preview Assets.xcassets */; };
		2A1B3C4D5E6F7890ABCD0009 /* wisdom.md in Resources */ = {isa = PBXBuildFile; fileRef = 2A1B3C4D5E6F7890ABCD000A /* wisdom.md */; };
		2A1B3C4D5E6F7890ABCD0020 /* QuoteManager.swift in Sources */ = {isa = PBXBuildFile; fileRef = 2A1B3C4D5E6F7890ABCD0021 /* QuoteManager.swift */; };
		2A1B3C4D5E6F7890ABCD0022 /* NotificationManager.swift in Sources */ = {isa = PBXBuildFile; fileRef = 2A1B3C4D5E6F7890ABCD0023 /* NotificationManager.swift */; };
		678AC1802EB3CD7C0065CE6B /* WidgetKit.framework in Frameworks */ = {isa = PBXBuildFile; fileRef = 678AC17F2EB3CD7C0065CE6B /* WidgetKit.framework */; };
		678AC1822EB3CD7C0065CE6B /* SwiftUI.framework in Frameworks */ = {isa = PBXBuildFile; fileRef = 678AC1812EB3CD7C0065CE6B /* SwiftUI.framework */; };
		678AC18D2EB3CD7E0065CE6B /* DailyWisdomWidgetExtension.appex in Embed Foundation Extensions */ = {isa = PBXBuildFile; fileRef = 678AC17D2EB3CD7C0065CE6B /* DailyWisdomWidgetExtension.appex */; settings = {ATTRIBUTES = (RemoveHeadersOnCopy, ); }; };
		678AC1932EB3D1020065CE6B /* QuoteManager.swift in Sources */ = {isa = PBXBuildFile; fileRef = 2A1B3C4D5E6F7890ABCD0021 /* QuoteManager.swift */; };
		678AC1942EB3D31D0065CE6B /* wisdom.md in Resources */ = {isa = PBXBuildFile; fileRef = 2A1B3C4D5E6F7890ABCD000A /* wisdom.md */; };
		678AC1962EB3D5A70065CE6B /* QuoteView.swift in Sources */ = {isa = PBXBuildFile; fileRef = 678AC1952EB3D5A70065CE6B /* QuoteView.swift */; };
		678AC1972EB3D6020065CE6B /* QuoteView.swift in Sources */ = {isa = PBXBuildFile; fileRef = 678AC1952EB3D5A70065CE6B /* QuoteView.swift */; };
		678AC19A2EB3D9430065CE6B /* BuildDate.swift in Sources */ = {isa = PBXBuildFile; fileRef = 678AC1992EB3D9430065CE6B /* BuildDate.swift */; };
/* End PBXBuildFile section */

/* Begin PBXContainerItemProxy section */
		678AC18B2EB3CD7E0065CE6B /* PBXContainerItemProxy */ = {
			isa = PBXContainerItemProxy;
			containerPortal = 2A1B3C4D5E6F7890ABCD0015 /* Project object */;
			proxyType = 1;
			remoteGlobalIDString = 678AC17C2EB3CD7C0065CE6B;
			remoteInfo = DailyWisdomWidgetExtension;
		};
/* End PBXContainerItemProxy section */

/* Begin PBXCopyFilesBuildPhase section */
		678AC18E2EB3CD7E0065CE6B /* Embed Foundation Extensions */ = {
			isa = PBXCopyFilesBuildPhase;
			buildActionMask = 2147483647;
			dstPath = "";
			dstSubfolderSpec = 13;
			files = (
				678AC18D2EB3CD7E0065CE6B /* DailyWisdomWidgetExtension.appex in Embed Foundation Extensions */,
			);
			name = "Embed Foundation Extensions";
			runOnlyForDeploymentPostprocessing = 0;
		};
/* End PBXCopyFilesBuildPhase section */

/* Begin PBXFileReference section */
		2A1B3C4D5E6F7890ABCD0002 /* DailyWisdomApp.swift */ = {isa = PBXFileReference; lastKnownFileType = sourcecode.swift; path = DailyWisdomApp.swift; sourceTree = "<group>"; };
		2A1B3C4D5E6F7890ABCD0004 /* ContentView.swift */ = {isa = PBXFileReference; lastKnownFileType = sourcecode.swift; path = ContentView.swift; sourceTree = "<group>"; };
		2A1B3C4D5E6F7890ABCD0006 /* Assets.xcassets */ = {isa = PBXFileReference; lastKnownFileType = folder.assetcatalog; path = Assets.xcassets; sourceTree = "<group>"; };
		2A1B3C4D5E6F7890ABCD0008 /* Preview Assets.xcassets */ = {isa = PBXFileReference; lastKnownFileType = folder.assetcatalog; path = "Preview Assets.xcassets"; sourceTree = "<group>"; };
		2A1B3C4D5E6F7890ABCD000A /* wisdom.md */ = {isa = PBXFileReference; fileEncoding = 4; lastKnownFileType = net.daringfireball.markdown; path = wisdom.md; sourceTree = "<group>"; };
		2A1B3C4D5E6F7890ABCD000B /* DailyWisdom.app */ = {isa = PBXFileReference; explicitFileType = wrapper.application; includeInIndex = 0; path = DailyWisdom.app; sourceTree = BUILT_PRODUCTS_DIR; };
		2A1B3C4D5E6F7890ABCD0021 /* QuoteManager.swift */ = {isa = PBXFileReference; lastKnownFileType = sourcecode.swift; path = QuoteManager.swift; sourceTree = "<group>"; };
		2A1B3C4D5E6F7890ABCD0023 /* NotificationManager.swift */ = {isa = PBXFileReference; lastKnownFileType = sourcecode.swift; path = NotificationManager.swift; sourceTree = "<group>"; };
		678AC17D2EB3CD7C0065CE6B /* DailyWisdomWidgetExtension.appex */ = {isa = PBXFileReference; explicitFileType = "wrapper.app-extension"; includeInIndex = 0; path = DailyWisdomWidgetExtension.appex; sourceTree = BUILT_PRODUCTS_DIR; };
		678AC17F2EB3CD7C0065CE6B /* WidgetKit.framework */ = {isa = PBXFileReference; lastKnownFileType = wrapper.framework; name = WidgetKit.framework; path = System/Library/Frameworks/WidgetKit.framework; sourceTree = SDKROOT; };
		678AC1812EB3CD7C0065CE6B /* SwiftUI.framework */ = {isa = PBXFileReference; lastKnownFileType = wrapper.framework; name = SwiftUI.framework; path = System/Library/Frameworks/SwiftUI.framework; sourceTree = SDKROOT; };
		678AC1952EB3D5A70065CE6B /* QuoteView.swift */ = {isa = PBXFileReference; lastKnownFileType = sourcecode.swift; path = QuoteView.swift; sourceTree = "<group>"; };
		678AC1992EB3D9430065CE6B /* BuildDate.swift */ = {isa = PBXFileReference; lastKnownFileType = sourcecode.swift; path = BuildDate.swift; sourceTree = "<group>"; };
/* End PBXFileReference section */

/* Begin PBXFileSystemSynchronizedBuildFileExceptionSet section */
		678AC1912EB3CD7E0065CE6B /* PBXFileSystemSynchronizedBuildFileExceptionSet */ = {
			isa = PBXFileSystemSynchronizedBuildFileExceptionSet;
			membershipExceptions = (
				Info.plist,
			);
			target = 678AC17C2EB3CD7C0065CE6B /* DailyWisdomWidgetExtension */;
		};
/* End PBXFileSystemSynchronizedBuildFileExceptionSet section */

/* Begin PBXFileSystemSynchronizedRootGroup section */
		678AC1832EB3CD7C0065CE6B /* DailyWisdomWidget */ = {isa = PBXFileSystemSynchronizedRootGroup; exceptions = (678AC1912EB3CD7E0065CE6B /* PBXFileSystemSynchronizedBuildFileExceptionSet */, ); explicitFileTypes = {}; explicitFolders = (); path = DailyWisdomWidget; sourceTree = "<group>"; };
/* End PBXFileSystemSynchronizedRootGroup section */

/* Begin PBXFrameworksBuildPhase section */
		2A1B3C4D5E6F7890ABCD000C /* Frameworks */ = {
			isa = PBXFrameworksBuildPhase;
			buildActionMask = 2147483647;
			files = (
			);
			runOnlyForDeploymentPostprocessing = 0;
		};
		678AC17A2EB3CD7C0065CE6B /* Frameworks */ = {
			isa = PBXFrameworksBuildPhase;
			buildActionMask = 2147483647;
			files = (
				678AC1822EB3CD7C0065CE6B /* SwiftUI.framework in Frameworks */,
				678AC1802EB3CD7C0065CE6B /* WidgetKit.framework in Frameworks */,
			);
			runOnlyForDeploymentPostprocessing = 0;
		};
/* End PBXFrameworksBuildPhase section */

/* Begin PBXGroup section */
		2A1B3C4D5E6F7890ABCD000D = {
			isa = PBXGroup;
			children = (
				2A1B3C4D5E6F7890ABCD000E /* DailyWisdom */,
				678AC1832EB3CD7C0065CE6B /* DailyWisdomWidget */,
				678AC17E2EB3CD7C0065CE6B /* Frameworks */,
				2A1B3C4D5E6F7890ABCD000F /* Products */,
			);
			sourceTree = "<group>";
		};
		2A1B3C4D5E6F7890ABCD000E /* DailyWisdom */ = {
			isa = PBXGroup;
			children = (
				678AC1992EB3D9430065CE6B /* BuildDate.swift */,
				2A1B3C4D5E6F7890ABCD0002 /* DailyWisdomApp.swift */,
				2A1B3C4D5E6F7890ABCD0004 /* ContentView.swift */,
				678AC1952EB3D5A70065CE6B /* QuoteView.swift */,
				2A1B3C4D5E6F7890ABCD0021 /* QuoteManager.swift */,
				2A1B3C4D5E6F7890ABCD0023 /* NotificationManager.swift */,
				2A1B3C4D5E6F7890ABCD000A /* wisdom.md */,
				2A1B3C4D5E6F7890ABCD0006 /* Assets.xcassets */,
				2A1B3C4D5E6F7890ABCD0010 /* Preview Content */,
			);
			path = DailyWisdom;
			sourceTree = "<group>";
		};
		2A1B3C4D5E6F7890ABCD000F /* Products */ = {
			isa = PBXGroup;
			children = (
				2A1B3C4D5E6F7890ABCD000B /* DailyWisdom.app */,
				678AC17D2EB3CD7C0065CE6B /* DailyWisdomWidgetExtension.appex */,
			);
			name = Products;
			sourceTree = "<group>";
		};
		2A1B3C4D5E6F7890ABCD0010 /* Preview Content */ = {
			isa = PBXGroup;
			children = (
				2A1B3C4D5E6F7890ABCD0008 /* Preview Assets.xcassets */,
			);
			path = "Preview Content";
			sourceTree = "<group>";
		};
		678AC17E2EB3CD7C0065CE6B /* Frameworks */ = {
			isa = PBXGroup;
			children = (
				678AC17F2EB3CD7C0065CE6B /* WidgetKit.framework */,
				678AC1812EB3CD7C0065CE6B /* SwiftUI.framework */,
			);
			name = Frameworks;
			sourceTree = "<group>";
		};
/* End PBXGroup section */

/* Begin PBXNativeTarget section */
		2A1B3C4D5E6F7890ABCD0011 /* DailyWisdom */ = {
			isa = PBXNativeTarget;
			buildConfigurationList = 2A1B3C4D5E6F7890ABCD0012 /* Build configuration list for PBXNativeTarget "DailyWisdom" */;
			buildPhases = (
				678AC1982EB3D7F90065CE6B /* ShellScript */,
				2A1B3C4D5E6F7890ABCD0013 /* Sources */,
				2A1B3C4D5E6F7890ABCD000C /* Frameworks */,
				2A1B3C4D5E6F7890ABCD0014 /* Resources */,
				678AC18E2EB3CD7E0065CE6B /* Embed Foundation Extensions */,
			);
			buildRules = (
			);
			dependencies = (
				678AC18C2EB3CD7E0065CE6B /* PBXTargetDependency */,
			);
			name = DailyWisdom;
			productName = DailyWisdom;
			productReference = 2A1B3C4D5E6F7890ABCD000B /* DailyWisdom.app */;
			productType = "com.apple.product-type.application";
		};
		678AC17C2EB3CD7C0065CE6B /* DailyWisdomWidgetExtension */ = {
			isa = PBXNativeTarget;
			buildConfigurationList = 678AC1922EB3CD7E0065CE6B /* Build configuration list for PBXNativeTarget "DailyWisdomWidgetExtension" */;
			buildPhases = (
				678AC1792EB3CD7C0065CE6B /* Sources */,
				678AC17A2EB3CD7C0065CE6B /* Frameworks */,
				678AC17B2EB3CD7C0065CE6B /* Resources */,
			);
			buildRules = (
			);
			dependencies = (
			);
			fileSystemSynchronizedGroups = (
				678AC1832EB3CD7C0065CE6B /* DailyWisdomWidget */,
			);
			name = DailyWisdomWidgetExtension;
			packageProductDependencies = (
			);
			productName = DailyWisdomWidgetExtension;
			productReference = 678AC17D2EB3CD7C0065CE6B /* DailyWisdomWidgetExtension.appex */;
			productType = "com.apple.product-type.app-extension";
		};
/* End PBXNativeTarget section */

/* Begin PBXProject section */
		2A1B3C4D5E6F7890ABCD0015 /* Project object */ = {
			isa = PBXProject;
			attributes = {
				BuildIndependentTargetsInParallel = 1;
				LastSwiftUpdateCheck = 2600;
				LastUpgradeCheck = 2600;
				TargetAttributes = {
					2A1B3C4D5E6F7890ABCD0011 = {
						CreatedOnToolsVersion = 16.0;
					};
					678AC17C2EB3CD7C0065CE6B = {
						CreatedOnToolsVersion = 26.0.1;
					};
				};
			};
			buildConfigurationList = 2A1B3C4D5E6F7890ABCD0016 /* Build configuration list for PBXProject "DailyWisdom" */;
			compatibilityVersion = "Xcode 14.0";
			developmentRegion = en;
			hasScannedForEncodings = 0;
			knownRegions = (
				en,
				Base,
			);
			mainGroup = 2A1B3C4D5E6F7890ABCD000D;
			productRefGroup = 2A1B3C4D5E6F7890ABCD000F /* Products */;
			projectDirPath = "";
			projectRoot = "";
			targets = (
				2A1B3C4D5E6F7890ABCD0011 /* DailyWisdom */,
				678AC17C2EB3CD7C0065CE6B /* DailyWisdomWidgetExtension */,
			);
		};
/* End PBXProject section */

/* Begin PBXResourcesBuildPhase section */
		2A1B3C4D5E6F7890ABCD0014 /* Resources */ = {
			isa = PBXResourcesBuildPhase;
			buildActionMask = 2147483647;
			files = (
				2A1B3C4D5E6F7890ABCD0007 /* Preview Assets.xcassets in Resources */,
				2A1B3C4D5E6F7890ABCD0005 /* Assets.xcassets in Resources */,
				2A1B3C4D5E6F7890ABCD0009 /* wisdom.md in Resources */,
			);
			runOnlyForDeploymentPostprocessing = 0;
		};
		678AC17B2EB3CD7C0065CE6B /* Resources */ = {
			isa = PBXResourcesBuildPhase;
			buildActionMask = 2147483647;
			files = (
				678AC1942EB3D31D0065CE6B /* wisdom.md in Resources */,
			);
			runOnlyForDeploymentPostprocessing = 0;
		};
/* End PBXResourcesBuildPhase section */

/* Begin PBXShellScriptBuildPhase section */
		678AC1982EB3D7F90065CE6B /* ShellScript */ = {
			isa = PBXShellScriptBuildPhase;
			buildActionMask = 2147483647;
			files = (
			);
			inputFileListPaths = (
			);
			inputPaths = (
			);
			outputFileListPaths = (
			);
			outputPaths = (
				"$(SRCROOT)/DailyWisdom/BuildDate.swift",
			);
			runOnlyForDeploymentPostprocessing = 0;
			shellPath = /bin/sh;
			shellScript = "#!/bin/bash\n\nset -euo pipefail\n\n# Generate current date in the format 2025.10.30\nBUILD_DATE=$(date \"+%Y.%m.%d\")\n\n# Create the Swift file with the build date\ncat > \"${SRCROOT}/DailyWisdom/BuildDate.swift\" << EOF\n// This file is auto-generated during build\n// Do not edit manually\nimport Foundation\nstruct BuildInfo {\n    static let date = \"$BUILD_DATE\"\n}\nEOF\n\necho \"Generated BuildDate.swift with date: $BUILD_DATE\"\n";
		};
/* End PBXShellScriptBuildPhase section */

/* Begin PBXSourcesBuildPhase section */
		2A1B3C4D5E6F7890ABCD0013 /* Sources */ = {
			isa = PBXSourcesBuildPhase;
			buildActionMask = 2147483647;
			files = (
				678AC1962EB3D5A70065CE6B /* QuoteView.swift in Sources */,
				2A1B3C4D5E6F7890ABCD0003 /* ContentView.swift in Sources */,
				2A1B3C4D5E6F7890ABCD0001 /* DailyWisdomApp.swift in Sources */,
				2A1B3C4D5E6F7890ABCD0020 /* QuoteManager.swift in Sources */,
				678AC19A2EB3D9430065CE6B /* BuildDate.swift in Sources */,
				2A1B3C4D5E6F7890ABCD0022 /* NotificationManager.swift in Sources */,
			);
			runOnlyForDeploymentPostprocessing = 0;
		};
		678AC1792EB3CD7C0065CE6B /* Sources */ = {
			isa = PBXSourcesBuildPhase;
			buildActionMask = 2147483647;
			files = (
				678AC1932EB3D1020065CE6B /* QuoteManager.swift in Sources */,
				678AC1972EB3D6020065CE6B /* QuoteView.swift in Sources */,
			);
			runOnlyForDeploymentPostprocessing = 0;
		};
/* End PBXSourcesBuildPhase section */

/* Begin PBXTargetDependency section */
		678AC18C2EB3CD7E0065CE6B /* PBXTargetDependency */ = {
			isa = PBXTargetDependency;
			target = 678AC17C2EB3CD7C0065CE6B /* DailyWisdomWidgetExtension */;
			targetProxy = 678AC18B2EB3CD7E0065CE6B /* PBXContainerItemProxy */;
		};
/* End PBXTargetDependency section */

/* Begin XCBuildConfiguration section */
		2A1B3C4D5E6F7890ABCD0017 /* Debug */ = {
			isa = XCBuildConfiguration;
			buildSettings = {
				ALWAYS_SEARCH_USER_PATHS = NO;
				ASSETCATALOG_COMPILER_GENERATE_SWIFT_ASSET_SYMBOL_EXTENSIONS = YES;
				CLANG_ANALYZER_NONNULL = YES;
				CLANG_ANALYZER_NUMBER_OBJECT_CONVERSION = YES_AGGRESSIVE;
				CLANG_CXX_LANGUAGE_STANDARD = "gnu++20";
				CLANG_ENABLE_MODULES = YES;
				CLANG_ENABLE_OBJC_ARC = YES;
				CLANG_ENABLE_OBJC_WEAK = YES;
				CLANG_WARN_BLOCK_CAPTURE_AUTORELEASING = YES;
				CLANG_WARN_BOOL_CONVERSION = YES;
				CLANG_WARN_COMMA = YES;
				CLANG_WARN_CONSTANT_CONVERSION = YES;
				CLANG_WARN_DEPRECATED_OBJC_IMPLEMENTATIONS = YES;
				CLANG_WARN_DIRECT_OBJC_ISA_USAGE = YES_ERROR;
				CLANG_WARN_DOCUMENTATION_COMMENTS = YES;
				CLANG_WARN_EMPTY_BODY = YES;
				CLANG_WARN_ENUM_CONVERSION = YES;
				CLANG_WARN_INFINITE_RECURSION = YES;
				CLANG_WARN_INT_CONVERSION = YES;
				CLANG_WARN_NON_LITERAL_NULL_CONVERSION = YES;
				CLANG_WARN_OBJC_IMPLICIT_RETAIN_SELF = YES;
				CLANG_WARN_OBJC_LITERAL_CONVERSION = YES;
				CLANG_WARN_OBJC_ROOT_CLASS = YES_ERROR;
				CLANG_WARN_QUOTED_INCLUDE_IN_FRAMEWORK_HEADER = YES;
				CLANG_WARN_RANGE_LOOP_ANALYSIS = YES;
				CLANG_WARN_STRICT_PROTOTYPES = YES;
				CLANG_WARN_SUSPICIOUS_MOVE = YES;
				CLANG_WARN_UNGUARDED_AVAILABILITY = YES_AGGRESSIVE;
				CLANG_WARN_UNREACHABLE_CODE = YES;
				CLANG_WARN__DUPLICATE_METHOD_MATCH = YES;
				COPY_PHASE_STRIP = NO;
				DEBUG_INFORMATION_FORMAT = dwarf;
				DEVELOPMENT_TEAM = 434Z62PH6X;
				ENABLE_STRICT_OBJC_MSGSEND = YES;
				ENABLE_TESTABILITY = YES;
				ENABLE_USER_SCRIPT_SANDBOXING = YES;
				GCC_C_LANGUAGE_STANDARD = gnu17;
				GCC_DYNAMIC_NO_PIC = NO;
				GCC_NO_COMMON_BLOCKS = YES;
				GCC_OPTIMIZATION_LEVEL = 0;
				GCC_PREPROCESSOR_DEFINITIONS = (
					"DEBUG=1",
					"$(inherited)",
				);
				GCC_WARN_64_TO_32_BIT_CONVERSION = YES;
				GCC_WARN_ABOUT_RETURN_TYPE = YES_ERROR;
				GCC_WARN_UNDECLARED_SELECTOR = YES;
				GCC_WARN_UNINITIALIZED_AUTOS = YES_AGGRESSIVE;
				GCC_WARN_UNUSED_FUNCTION = YES;
				GCC_WARN_UNUSED_VARIABLE = YES;
				IPHONEOS_DEPLOYMENT_TARGET = 17.0;
				LOCALIZATION_PREFERS_STRING_CATALOGS = YES;
				MTL_ENABLE_DEBUG_INFO = INCLUDE_SOURCE;
				MTL_FAST_MATH = YES;
				ONLY_ACTIVE_ARCH = YES;
				SDKROOT = iphoneos;
				STRING_CATALOG_GENERATE_SYMBOLS = YES;
				SWIFT_ACTIVE_COMPILATION_CONDITIONS = "DEBUG $(inherited)";
				SWIFT_OPTIMIZATION_LEVEL = "-Onone";
			};
			name = Debug;
		};
		2A1B3C4D5E6F7890ABCD0018 /* Release */ = {
			isa = XCBuildConfiguration;
			buildSettings = {
				ALWAYS_SEARCH_USER_PATHS = NO;
				ASSETCATALOG_COMPILER_GENERATE_SWIFT_ASSET_SYMBOL_EXTENSIONS = YES;
				CLANG_ANALYZER_NONNULL = YES;
				CLANG_ANALYZER_NUMBER_OBJECT_CONVERSION = YES_AGGRESSIVE;
				CLANG_CXX_LANGUAGE_STANDARD = "gnu++20";
				CLANG_ENABLE_MODULES = YES;
				CLANG_ENABLE_OBJC_ARC = YES;
				CLANG_ENABLE_OBJC_WEAK = YES;
				CLANG_WARN_BLOCK_CAPTURE_AUTORELEASING = YES;
				CLANG_WARN_BOOL_CONVERSION = YES;
				CLANG_WARN_COMMA = YES;
				CLANG_WARN_CONSTANT_CONVERSION = YES;
				CLANG_WARN_DEPRECATED_OBJC_IMPLEMENTATIONS = YES;
				CLANG_WARN_DIRECT_OBJC_ISA_USAGE = YES_ERROR;
				CLANG_WARN_DOCUMENTATION_COMMENTS = YES;
				CLANG_WARN_EMPTY_BODY = YES;
				CLANG_WARN_ENUM_CONVERSION = YES;
				CLANG_WARN_INFINITE_RECURSION = YES;
				CLANG_WARN_INT_CONVERSION = YES;
				CLANG_WARN_NON_LITERAL_NULL_CONVERSION = YES;
				CLANG_WARN_OBJC_IMPLICIT_RETAIN_SELF = YES;
				CLANG_WARN_OBJC_LITERAL_CONVERSION = YES;
				CLANG_WARN_OBJC_ROOT_CLASS = YES_ERROR;
				CLANG_WARN_QUOTED_INCLUDE_IN_FRAMEWORK_HEADER = YES;
				CLANG_WARN_RANGE_LOOP_ANALYSIS = YES;
				CLANG_WARN_STRICT_PROTOTYPES = YES;
				CLANG_WARN_SUSPICIOUS_MOVE = YES;
				CLANG_WARN_UNGUARDED_AVAILABILITY = YES_AGGRESSIVE;
				CLANG_WARN_UNREACHABLE_CODE = YES;
				CLANG_WARN__DUPLICATE_METHOD_MATCH = YES;
				COPY_PHASE_STRIP = NO;
				DEBUG_INFORMATION_FORMAT = "dwarf-with-dsym";
				DEVELOPMENT_TEAM = 434Z62PH6X;
				ENABLE_NS_ASSERTIONS = NO;
				ENABLE_STRICT_OBJC_MSGSEND = YES;
				ENABLE_USER_SCRIPT_SANDBOXING = YES;
				GCC_C_LANGUAGE_STANDARD = gnu17;
				GCC_NO_COMMON_BLOCKS = YES;
				GCC_WARN_64_TO_32_BIT_CONVERSION = YES;
				GCC_WARN_ABOUT_RETURN_TYPE = YES_ERROR;
				GCC_WARN_UNDECLARED_SELECTOR = YES;
				GCC_WARN_UNINITIALIZED_AUTOS = YES_AGGRESSIVE;
				GCC_WARN_UNUSED_FUNCTION = YES;
				GCC_WARN_UNUSED_VARIABLE = YES;
				IPHONEOS_DEPLOYMENT_TARGET = 17.0;
				LOCALIZATION_PREFERS_STRING_CATALOGS = YES;
				MTL_ENABLE_DEBUG_INFO = NO;
				MTL_FAST_MATH = YES;
				SDKROOT = iphoneos;
				STRING_CATALOG_GENERATE_SYMBOLS = YES;
				SWIFT_COMPILATION_MODE = wholemodule;
				VALIDATE_PRODUCT = YES;
			};
			name = Release;
		};
		2A1B3C4D5E6F7890ABCD0019 /* Debug */ = {
			isa = XCBuildConfiguration;
			buildSettings = {
				ASSETCATALOG_COMPILER_APPICON_NAME = AppIcon;
				ASSETCATALOG_COMPILER_GLOBAL_ACCENT_COLOR_NAME = AccentColor;
				CODE_SIGN_STYLE = Automatic;
				CURRENT_PROJECT_VERSION = 1;
				DEVELOPMENT_ASSET_PATHS = "\"DailyWisdom/Preview Content\"";
				ENABLE_PREVIEWS = YES;
				GENERATE_INFOPLIST_FILE = YES;
				INFOPLIST_KEY_CFBundleDisplayName = "Daily Wisdom";
				INFOPLIST_KEY_UIApplicationSceneManifest_Generation = YES;
				INFOPLIST_KEY_UIApplicationSupportsIndirectInputEvents = YES;
				INFOPLIST_KEY_UILaunchScreen_Generation = YES;
				INFOPLIST_KEY_UISupportedInterfaceOrientations = UIInterfaceOrientationPortrait;
				INFOPLIST_KEY_UISupportedInterfaceOrientations_iPad = "UIInterfaceOrientationLandscapeLeft UIInterfaceOrientationLandscapeRight UIInterfaceOrientationPortrait UIInterfaceOrientationPortraitUpsideDown";
				LD_RUNPATH_SEARCH_PATHS = (
					"$(inherited)",
					"@executable_path/Frameworks",
				);
				MARKETING_VERSION = 1.0;
				PRODUCT_BUNDLE_IDENTIFIER = ro.vgrigoriu.DailyWisdom;
				PRODUCT_NAME = "$(TARGET_NAME)";
				SUPPORTED_PLATFORMS = "iphoneos iphonesimulator";
				SUPPORTS_MACCATALYST = NO;
				SUPPORTS_MAC_DESIGNED_FOR_IPHONE_IPAD = NO;
				SUPPORTS_XR_DESIGNED_FOR_IPHONE_IPAD = NO;
				SWIFT_EMIT_LOC_STRINGS = YES;
				SWIFT_VERSION = 5.0;
				TARGETED_DEVICE_FAMILY = 1;
			};
			name = Debug;
		};
		2A1B3C4D5E6F7890ABCD001A /* Release */ = {
			isa = XCBuildConfiguration;
			buildSettings = {
				ASSETCATALOG_COMPILER_APPICON_NAME = AppIcon;
				ASSETCATALOG_COMPILER_GLOBAL_ACCENT_COLOR_NAME = AccentColor;
				CODE_SIGN_STYLE = Automatic;
				CURRENT_PROJECT_VERSION = 1;
				DEVELOPMENT_ASSET_PATHS = "\"DailyWisdom/Preview Content\"";
				ENABLE_PREVIEWS = YES;
				GENERATE_INFOPLIST_FILE = YES;
				INFOPLIST_KEY_CFBundleDisplayName = "Daily Wisdom";
				INFOPLIST_KEY_UIApplicationSceneManifest_Generation = YES;
				INFOPLIST_KEY_UIApplicationSupportsIndirectInputEvents = YES;
				INFOPLIST_KEY_UILaunchScreen_Generation = YES;
				INFOPLIST_KEY_UISupportedInterfaceOrientations = UIInterfaceOrientationPortrait;
				INFOPLIST_KEY_UISupportedInterfaceOrientations_iPad = "UIInterfaceOrientationLandscapeLeft UIInterfaceOrientationLandscapeRight UIInterfaceOrientationPortrait UIInterfaceOrientationPortraitUpsideDown";
				LD_RUNPATH_SEARCH_PATHS = (
					"$(inherited)",
					"@executable_path/Frameworks",
				);
				MARKETING_VERSION = 1.0;
				PRODUCT_BUNDLE_IDENTIFIER = ro.vgrigoriu.DailyWisdom;
				PRODUCT_NAME = "$(TARGET_NAME)";
				SUPPORTED_PLATFORMS = "iphoneos iphonesimulator";
				SUPPORTS_MACCATALYST = NO;
				SUPPORTS_MAC_DESIGNED_FOR_IPHONE_IPAD = NO;
				SUPPORTS_XR_DESIGNED_FOR_IPHONE_IPAD = NO;
				SWIFT_EMIT_LOC_STRINGS = YES;
				SWIFT_VERSION = 5.0;
				TARGETED_DEVICE_FAMILY = 1;
			};
			name = Release;
		};
		678AC18F2EB3CD7E0065CE6B /* Debug */ = {
			isa = XCBuildConfiguration;
			buildSettings = {
				ASSETCATALOG_COMPILER_GLOBAL_ACCENT_COLOR_NAME = AccentColor;
				ASSETCATALOG_COMPILER_WIDGET_BACKGROUND_COLOR_NAME = WidgetBackground;
				CODE_SIGN_STYLE = Automatic;
				CURRENT_PROJECT_VERSION = 1;
				GENERATE_INFOPLIST_FILE = YES;
				INFOPLIST_FILE = DailyWisdomWidget/Info.plist;
				INFOPLIST_KEY_CFBundleDisplayName = DailyWisdomWidget;
				INFOPLIST_KEY_NSHumanReadableCopyright = "";
				IPHONEOS_DEPLOYMENT_TARGET = 26.0;
				LD_RUNPATH_SEARCH_PATHS = (
					"$(inherited)",
					"@executable_path/Frameworks",
					"@executable_path/../../Frameworks",
				);
				MARKETING_VERSION = 1.0;
				PRODUCT_BUNDLE_IDENTIFIER = ro.vgrigoriu.DailyWisdom.DailyWisdomWidget;
				PRODUCT_NAME = "$(TARGET_NAME)";
				SKIP_INSTALL = YES;
				STRING_CATALOG_GENERATE_SYMBOLS = YES;
				SWIFT_APPROACHABLE_CONCURRENCY = YES;
				SWIFT_EMIT_LOC_STRINGS = YES;
				SWIFT_UPCOMING_FEATURE_MEMBER_IMPORT_VISIBILITY = YES;
				SWIFT_VERSION = 5.0;
				TARGETED_DEVICE_FAMILY = "1,2";
			};
			name = Debug;
		};
		678AC1902EB3CD7E0065CE6B /* Release */ = {
			isa = XCBuildConfiguration;
			buildSettings = {
				ASSETCATALOG_COMPILER_GLOBAL_ACCENT_COLOR_NAME = AccentColor;
				ASSETCATALOG_COMPILER_WIDGET_BACKGROUND_COLOR_NAME = WidgetBackground;
				CODE_SIGN_STYLE = Automatic;
				CURRENT_PROJECT_VERSION = 1;
				GENERATE_INFOPLIST_FILE = YES;
				INFOPLIST_FILE = DailyWisdomWidget/Info.plist;
				INFOPLIST_KEY_CFBundleDisplayName = DailyWisdomWidget;
				INFOPLIST_KEY_NSHumanReadableCopyright = "";
				IPHONEOS_DEPLOYMENT_TARGET = 26.0;
				LD_RUNPATH_SEARCH_PATHS = (
					"$(inherited)",
					"@executable_path/Frameworks",
					"@executable_path/../../Frameworks",
				);
				MARKETING_VERSION = 1.0;
				PRODUCT_BUNDLE_IDENTIFIER = ro.vgrigoriu.DailyWisdom.DailyWisdomWidget;
				PRODUCT_NAME = "$(TARGET_NAME)";
				SKIP_INSTALL = YES;
				STRING_CATALOG_GENERATE_SYMBOLS = YES;
				SWIFT_APPROACHABLE_CONCURRENCY = YES;
				SWIFT_EMIT_LOC_STRINGS = YES;
				SWIFT_UPCOMING_FEATURE_MEMBER_IMPORT_VISIBILITY = YES;
				SWIFT_VERSION = 5.0;
				TARGETED_DEVICE_FAMILY = "1,2";
			};
			name = Release;
		};
/* End XCBuildConfiguration section */

/* Begin XCConfigurationList section */
		2A1B3C4D5E6F7890ABCD0012 /* Build configuration list for PBXNativeTarget "DailyWisdom" */ = {
			isa = XCConfigurationList;
			buildConfigurations = (
				2A1B3C4D5E6F7890ABCD0019 /* Debug */,
				2A1B3C4D5E6F7890ABCD001A /* Release */,
			);
			defaultConfigurationIsVisible = 0;
			defaultConfigurationName = Release;
		};
		2A1B3C4D5E6F7890ABCD0016 /* Build configuration list for PBXProject "DailyWisdom" */ = {
			isa = XCConfigurationList;
			buildConfigurations = (
				2A1B3C4D5E6F7890ABCD0017 /* Debug */,
				2A1B3C4D5E6F7890ABCD0018 /* Release */,
			);
			defaultConfigurationIsVisible = 0;
			defaultConfigurationName = Release;
		};
		678AC1922EB3CD7E0065CE6B /* Build configuration list for PBXNativeTarget "DailyWisdomWidgetExtension" */ = {
			isa = XCConfigurationList;
			buildConfigurations = (
				678AC18F2EB3CD7E0065CE6B /* Debug */,
				678AC1902EB3CD7E0065CE6B /* Release */,
			);
			defaultConfigurationIsVisible = 0;
			defaultConfigurationName = Release;
		};
/* End XCConfigurationList section */
	};
	rootObject = 2A1B3C4D5E6F7890ABCD0015 /* Project object */;
}
